
Microsoft Visual Studio Solution File, Format Version 12.00
# Visual Studio Version 17
VisualStudioVersion = 17.6.33815.320
MinimumVisualStudioVersion = 10.0.40219.1
Project("{9A19103F-16F7-4668-BE54-9A1E7A4F7556}") = "BetterGenshinImpact", "BetterGenshinImpact\BetterGenshinImpact.csproj", "{75EC89E2-413D-4725-BCEA-AFAC57708F07}"
EndProject
Project("{9A19103F-16F7-4668-BE54-9A1E7A4F7556}") = "Vision.WindowCapture", "Vision.WindowCapture\Vision.WindowCapture.csproj", "{C9080C1D-1B26-46CB-A494-A5E7FE3FCEBA}"
EndProject
Project("{9A19103F-16F7-4668-BE54-9A1E7A4F7556}") = "BetterGenshinImpact.Win32", "BetterGenshinImpact.Win32\BetterGenshinImpact.Win32.csproj", "{75F4541B-9624-4AFB-BAEA-3EAFD3300EE1}"
EndProject
Project("{9A19103F-16F7-4668-BE54-9A1E7A4F7556}") = "Fischless.GameCapture", "Fischless.GameCapture\Fischless.GameCapture.csproj", "{6B0A3D96-D88D-48DD-8112-4CD5BA5D27CE}"
EndProject
Project("{9A19103F-16F7-4668-BE54-9A1E7A4F7556}") = "Vision.WindowCapture.Test", "Vision.WindowCapture.Test\Vision.WindowCapture.Test.csproj", "{D35CB953-C666-4E57-9A9A-3AAE5BF78402}"
EndProject
Global
	GlobalSection(SolutionConfigurationPlatforms) = preSolution
		Debug|x64 = Debug|x64
		Release|x64 = Release|x64
	EndGlobalSection
	GlobalSection(ProjectConfigurationPlatforms) = postSolution
		{75EC89E2-413D-4725-BCEA-AFAC57708F07}.Debug|x64.ActiveCfg = Debug|x64
		{75EC89E2-413D-4725-BCEA-AFAC57708F07}.Debug|x64.Build.0 = Debug|x64
		{75EC89E2-413D-4725-BCEA-AFAC57708F07}.Release|x64.ActiveCfg = Release|x64
		{75EC89E2-413D-4725-BCEA-AFAC57708F07}.Release|x64.Build.0 = Release|x64
		{C9080C1D-1B26-46CB-A494-A5E7FE3FCEBA}.Debug|x64.ActiveCfg = Debug|x64
		{C9080C1D-1B26-46CB-A494-A5E7FE3FCEBA}.Debug|x64.Build.0 = Debug|x64
		{C9080C1D-1B26-46CB-A494-A5E7FE3FCEBA}.Release|x64.ActiveCfg = Release|x64
		{C9080C1D-1B26-46CB-A494-A5E7FE3FCEBA}.Release|x64.Build.0 = Release|x64
		{75F4541B-9624-4AFB-BAEA-3EAFD3300EE1}.Debug|x64.ActiveCfg = Debug|x64
		{75F4541B-9624-4AFB-BAEA-3EAFD3300EE1}.Debug|x64.Build.0 = Debug|x64
		{75F4541B-9624-4AFB-BAEA-3EAFD3300EE1}.Release|x64.ActiveCfg = Release|x64
		{75F4541B-9624-4AFB-BAEA-3EAFD3300EE1}.Release|x64.Build.0 = Release|x64
		{6B0A3D96-D88D-48DD-8112-4CD5BA5D27CE}.Debug|x64.ActiveCfg = Debug|x64
		{6B0A3D96-D88D-48DD-8112-4CD5BA5D27CE}.Debug|x64.Build.0 = Debug|x64
		{6B0A3D96-D88D-48DD-8112-4CD5BA5D27CE}.Release|x64.ActiveCfg = Release|x64
		{6B0A3D96-D88D-48DD-8112-4CD5BA5D27CE}.Release|x64.Build.0 = Release|x64
		{D35CB953-C666-4E57-9A9A-3AAE5BF78402}.Debug|x64.ActiveCfg = Debug|x64
		{D35CB953-C666-4E57-9A9A-3AAE5BF78402}.Debug|x64.Build.0 = Debug|x64
		{D35CB953-C666-4E57-9A9A-3AAE5BF78402}.Release|x64.ActiveCfg = Release|x64
		{D35CB953-C666-4E57-9A9A-3AAE5BF78402}.Release|x64.Build.0 = Release|x64
	EndGlobalSection
	GlobalSection(SolutionProperties) = preSolution
		HideSolutionNode = FALSE
	EndGlobalSection
	GlobalSection(ExtensibilityGlobals) = postSolution
		SolutionGuid = {352D8B78-9DE3-4E58-985F-FADD22594DB4}
	EndGlobalSection
EndGlobal
