
Microsoft Visual Studio Solution File, Format Version 12.00
# Visual Studio Version 17
VisualStudioVersion = 17.6.33815.320
MinimumVisualStudioVersion = 10.0.40219.1
Project("{9A19103F-16F7-4668-BE54-9A1E7A4F7556}") = "BetterGenshinImpact", "BetterGenshinImpact\BetterGenshinImpact.csproj", "{75EC89E2-413D-4725-BCEA-AFAC57708F07}"
EndProject
Project("{9A19103F-16F7-4668-BE54-9A1E7A4F7556}") = "Vision.WindowCapture", "Vision.WindowCapture\Vision.WindowCapture.csproj", "{C9080C1D-1B26-46CB-A494-A5E7FE3FCEBA}"
EndProject
Project("{9A19103F-16F7-4668-BE54-9A1E7A4F7556}") = "BetterGenshinImpact.Win32", "BetterGenshinImpact.Win32\BetterGenshinImpact.Win32.csproj", "{75F4541B-9624-4AFB-BAEA-3EAFD3300EE1}"
EndProject
Project("{9A19103F-16F7-4668-BE54-9A1E7A4F7556}") = "Fischless.GameCapture", "Fischless.GameCapture\Fischless.GameCapture.csproj", "{6B0A3D96-D88D-48DD-8112-4CD5BA5D27CE}"
EndProject
Project("{9A19103F-16F7-4668-BE54-9A1E7A4F7556}") = "Vision.WindowCapture.Test", "Vision.WindowCapture.Test\Vision.WindowCapture.Test.csproj", "{D35CB953-C666-4E57-9A9A-3AAE5BF78402}"
EndProject
Project("{9A19103F-16F7-4668-BE54-9A1E7A4F7556}") = "Fischless.HotkeyCapture", "Fischless.HotkeyCapture\Fischless.HotkeyCapture.csproj", "{08152E44-2564-46C5-B5B2-54DD43C01A79}"
EndProject
Project("{9A19103F-16F7-4668-BE54-9A1E7A4F7556}") = "Fischless.KeyboardCapture", "Fischless.KeyboardCapture\Fischless.KeyboardCapture.csproj", "{10A48327-7E58-4B51-B1FC-55506C703C8F}"
EndProject
Project("{2150E333-8FDC-42A3-9474-1A3956D46DE8}") = "Deploy", "Deploy", "{458E1106-43A4-47E6-B11B-D243035D4C76}"
EndProject
Project("{9A19103F-16F7-4668-BE54-9A1E7A4F7556}") = "MicaSetup", "Build\MicaSetup\MicaSetup.csproj", "{AB85DA23-EB8F-4FBF-A7FA-35CE05B23C15}"
EndProject
Project("{9A19103F-16F7-4668-BE54-9A1E7A4F7556}") = "MicaSetup.Uninst", "Build\MicaSetup\MicaSetup.Uninst.csproj", "{673344BC-B860-44AE-AD88-D33465BDE25B}"
EndProject
Project("{9A19103F-16F7-4668-BE54-9A1E7A4F7556}") = "BetterGenshinImpact.Test", "BetterGenshinImpact.Test\BetterGenshinImpact.Test.csproj", "{27AF227E-BE44-450F-8E95-C1AD4FDE14BE}"
EndProject
Project("{9A19103F-16F7-4668-BE54-9A1E7A4F7556}") = "Fischless.WindowsInput", "Fischless.WindowsInput\Fischless.WindowsInput.csproj", "{9D00BC7A-9280-4AC9-8951-4502EDB71B76}"
EndProject
Global
	GlobalSection(SolutionConfigurationPlatforms) = preSolution
		Debug|Any CPU = Debug|Any CPU
		Debug|x64 = Debug|x64
		Release|Any CPU = Release|Any CPU
		Release|x64 = Release|x64
	EndGlobalSection
	GlobalSection(ProjectConfigurationPlatforms) = postSolution
		{75EC89E2-413D-4725-BCEA-AFAC57708F07}.Debug|Any CPU.ActiveCfg = Debug|x64
		{75EC89E2-413D-4725-BCEA-AFAC57708F07}.Debug|Any CPU.Build.0 = Debug|x64
		{75EC89E2-413D-4725-BCEA-AFAC57708F07}.Debug|x64.ActiveCfg = Debug|x64
		{75EC89E2-413D-4725-BCEA-AFAC57708F07}.Debug|x64.Build.0 = Debug|x64
		{75EC89E2-413D-4725-BCEA-AFAC57708F07}.Release|Any CPU.ActiveCfg = Release|x64
		{75EC89E2-413D-4725-BCEA-AFAC57708F07}.Release|Any CPU.Build.0 = Release|x64
		{75EC89E2-413D-4725-BCEA-AFAC57708F07}.Release|x64.ActiveCfg = Release|x64
		{75EC89E2-413D-4725-BCEA-AFAC57708F07}.Release|x64.Build.0 = Release|x64
		{C9080C1D-1B26-46CB-A494-A5E7FE3FCEBA}.Debug|Any CPU.ActiveCfg = Debug|x64
		{C9080C1D-1B26-46CB-A494-A5E7FE3FCEBA}.Debug|Any CPU.Build.0 = Debug|x64
		{C9080C1D-1B26-46CB-A494-A5E7FE3FCEBA}.Debug|x64.ActiveCfg = Debug|x64
		{C9080C1D-1B26-46CB-A494-A5E7FE3FCEBA}.Debug|x64.Build.0 = Debug|x64
		{C9080C1D-1B26-46CB-A494-A5E7FE3FCEBA}.Release|Any CPU.ActiveCfg = Release|x64
		{C9080C1D-1B26-46CB-A494-A5E7FE3FCEBA}.Release|Any CPU.Build.0 = Release|x64
		{C9080C1D-1B26-46CB-A494-A5E7FE3FCEBA}.Release|x64.ActiveCfg = Release|x64
		{C9080C1D-1B26-46CB-A494-A5E7FE3FCEBA}.Release|x64.Build.0 = Release|x64
		{75F4541B-9624-4AFB-BAEA-3EAFD3300EE1}.Debug|Any CPU.ActiveCfg = Debug|x64
		{75F4541B-9624-4AFB-BAEA-3EAFD3300EE1}.Debug|Any CPU.Build.0 = Debug|x64
		{75F4541B-9624-4AFB-BAEA-3EAFD3300EE1}.Debug|x64.ActiveCfg = Debug|x64
		{75F4541B-9624-4AFB-BAEA-3EAFD3300EE1}.Debug|x64.Build.0 = Debug|x64
		{75F4541B-9624-4AFB-BAEA-3EAFD3300EE1}.Release|Any CPU.ActiveCfg = Release|x64
		{75F4541B-9624-4AFB-BAEA-3EAFD3300EE1}.Release|Any CPU.Build.0 = Release|x64
		{75F4541B-9624-4AFB-BAEA-3EAFD3300EE1}.Release|x64.ActiveCfg = Release|x64
		{75F4541B-9624-4AFB-BAEA-3EAFD3300EE1}.Release|x64.Build.0 = Release|x64
		{6B0A3D96-D88D-48DD-8112-4CD5BA5D27CE}.Debug|Any CPU.ActiveCfg = Debug|x64
		{6B0A3D96-D88D-48DD-8112-4CD5BA5D27CE}.Debug|Any CPU.Build.0 = Debug|x64
		{6B0A3D96-D88D-48DD-8112-4CD5BA5D27CE}.Debug|x64.ActiveCfg = Debug|x64
		{6B0A3D96-D88D-48DD-8112-4CD5BA5D27CE}.Debug|x64.Build.0 = Debug|x64
		{6B0A3D96-D88D-48DD-8112-4CD5BA5D27CE}.Release|Any CPU.ActiveCfg = Release|x64
		{6B0A3D96-D88D-48DD-8112-4CD5BA5D27CE}.Release|Any CPU.Build.0 = Release|x64
		{6B0A3D96-D88D-48DD-8112-4CD5BA5D27CE}.Release|x64.ActiveCfg = Release|x64
		{6B0A3D96-D88D-48DD-8112-4CD5BA5D27CE}.Release|x64.Build.0 = Release|x64
		{D35CB953-C666-4E57-9A9A-3AAE5BF78402}.Debug|Any CPU.ActiveCfg = Debug|x64
		{D35CB953-C666-4E57-9A9A-3AAE5BF78402}.Debug|Any CPU.Build.0 = Debug|x64
		{D35CB953-C666-4E57-9A9A-3AAE5BF78402}.Debug|x64.ActiveCfg = Debug|x64
		{D35CB953-C666-4E57-9A9A-3AAE5BF78402}.Debug|x64.Build.0 = Debug|x64
		{D35CB953-C666-4E57-9A9A-3AAE5BF78402}.Release|Any CPU.ActiveCfg = Release|x64
		{D35CB953-C666-4E57-9A9A-3AAE5BF78402}.Release|Any CPU.Build.0 = Release|x64
		{D35CB953-C666-4E57-9A9A-3AAE5BF78402}.Release|x64.ActiveCfg = Release|x64
		{D35CB953-C666-4E57-9A9A-3AAE5BF78402}.Release|x64.Build.0 = Release|x64
		{08152E44-2564-46C5-B5B2-54DD43C01A79}.Debug|Any CPU.ActiveCfg = Debug|x64
		{08152E44-2564-46C5-B5B2-54DD43C01A79}.Debug|Any CPU.Build.0 = Debug|x64
		{08152E44-2564-46C5-B5B2-54DD43C01A79}.Debug|x64.ActiveCfg = Debug|x64
		{08152E44-2564-46C5-B5B2-54DD43C01A79}.Debug|x64.Build.0 = Debug|x64
		{08152E44-2564-46C5-B5B2-54DD43C01A79}.Release|Any CPU.ActiveCfg = Release|x64
		{08152E44-2564-46C5-B5B2-54DD43C01A79}.Release|Any CPU.Build.0 = Release|x64
		{08152E44-2564-46C5-B5B2-54DD43C01A79}.Release|x64.ActiveCfg = Release|x64
		{08152E44-2564-46C5-B5B2-54DD43C01A79}.Release|x64.Build.0 = Release|x64
		{10A48327-7E58-4B51-B1FC-55506C703C8F}.Debug|Any CPU.ActiveCfg = Debug|x64
		{10A48327-7E58-4B51-B1FC-55506C703C8F}.Debug|Any CPU.Build.0 = Debug|x64
		{10A48327-7E58-4B51-B1FC-55506C703C8F}.Debug|x64.ActiveCfg = Debug|x64
		{10A48327-7E58-4B51-B1FC-55506C703C8F}.Debug|x64.Build.0 = Debug|x64
		{10A48327-7E58-4B51-B1FC-55506C703C8F}.Release|Any CPU.ActiveCfg = Release|x64
		{10A48327-7E58-4B51-B1FC-55506C703C8F}.Release|Any CPU.Build.0 = Release|x64
		{10A48327-7E58-4B51-B1FC-55506C703C8F}.Release|x64.ActiveCfg = Release|x64
		{10A48327-7E58-4B51-B1FC-55506C703C8F}.Release|x64.Build.0 = Release|x64
		{AB85DA23-EB8F-4FBF-A7FA-35CE05B23C15}.Debug|Any CPU.ActiveCfg = Debug|Any CPU
		{AB85DA23-EB8F-4FBF-A7FA-35CE05B23C15}.Debug|Any CPU.Build.0 = Debug|Any CPU
		{AB85DA23-EB8F-4FBF-A7FA-35CE05B23C15}.Debug|x64.ActiveCfg = Debug|x64
		{AB85DA23-EB8F-4FBF-A7FA-35CE05B23C15}.Debug|x64.Build.0 = Debug|x64
		{AB85DA23-EB8F-4FBF-A7FA-35CE05B23C15}.Release|Any CPU.ActiveCfg = Release|Any CPU
		{AB85DA23-EB8F-4FBF-A7FA-35CE05B23C15}.Release|Any CPU.Build.0 = Release|Any CPU
		{AB85DA23-EB8F-4FBF-A7FA-35CE05B23C15}.Release|x64.ActiveCfg = Release|x64
		{AB85DA23-EB8F-4FBF-A7FA-35CE05B23C15}.Release|x64.Build.0 = Release|x64
		{673344BC-B860-44AE-AD88-D33465BDE25B}.Debug|Any CPU.ActiveCfg = Debug|Any CPU
		{673344BC-B860-44AE-AD88-D33465BDE25B}.Debug|Any CPU.Build.0 = Debug|Any CPU
		{673344BC-B860-44AE-AD88-D33465BDE25B}.Debug|x64.ActiveCfg = Debug|x64
		{673344BC-B860-44AE-AD88-D33465BDE25B}.Debug|x64.Build.0 = Debug|x64
		{673344BC-B860-44AE-AD88-D33465BDE25B}.Release|Any CPU.ActiveCfg = Release|Any CPU
		{673344BC-B860-44AE-AD88-D33465BDE25B}.Release|Any CPU.Build.0 = Release|Any CPU
		{673344BC-B860-44AE-AD88-D33465BDE25B}.Release|x64.ActiveCfg = Release|x64
		{673344BC-B860-44AE-AD88-D33465BDE25B}.Release|x64.Build.0 = Release|x64
		{27AF227E-BE44-450F-8E95-C1AD4FDE14BE}.Debug|Any CPU.ActiveCfg = Debug|Any CPU
		{27AF227E-BE44-450F-8E95-C1AD4FDE14BE}.Debug|Any CPU.Build.0 = Debug|Any CPU
		{27AF227E-BE44-450F-8E95-C1AD4FDE14BE}.Debug|x64.ActiveCfg = Debug|Any CPU
		{27AF227E-BE44-450F-8E95-C1AD4FDE14BE}.Debug|x64.Build.0 = Debug|Any CPU
		{27AF227E-BE44-450F-8E95-C1AD4FDE14BE}.Release|Any CPU.ActiveCfg = Release|Any CPU
		{27AF227E-BE44-450F-8E95-C1AD4FDE14BE}.Release|Any CPU.Build.0 = Release|Any CPU
		{27AF227E-BE44-450F-8E95-C1AD4FDE14BE}.Release|x64.ActiveCfg = Release|Any CPU
		{27AF227E-BE44-450F-8E95-C1AD4FDE14BE}.Release|x64.Build.0 = Release|Any CPU
		{9D00BC7A-9280-4AC9-8951-4502EDB71B76}.Debug|Any CPU.ActiveCfg = Debug|x64
		{9D00BC7A-9280-4AC9-8951-4502EDB71B76}.Debug|Any CPU.Build.0 = Debug|x64
		{9D00BC7A-9280-4AC9-8951-4502EDB71B76}.Debug|x64.ActiveCfg = Debug|x64
		{9D00BC7A-9280-4AC9-8951-4502EDB71B76}.Debug|x64.Build.0 = Debug|x64
		{9D00BC7A-9280-4AC9-8951-4502EDB71B76}.Release|Any CPU.ActiveCfg = Release|x64
		{9D00BC7A-9280-4AC9-8951-4502EDB71B76}.Release|Any CPU.Build.0 = Release|x64
		{9D00BC7A-9280-4AC9-8951-4502EDB71B76}.Release|x64.ActiveCfg = Release|x64
		{9D00BC7A-9280-4AC9-8951-4502EDB71B76}.Release|x64.Build.0 = Release|x64
	EndGlobalSection
	GlobalSection(SolutionProperties) = preSolution
		HideSolutionNode = FALSE
	EndGlobalSection
	GlobalSection(NestedProjects) = preSolution
		{AB85DA23-EB8F-4FBF-A7FA-35CE05B23C15} = {458E1106-43A4-47E6-B11B-D243035D4C76}
		{673344BC-B860-44AE-AD88-D33465BDE25B} = {458E1106-43A4-47E6-B11B-D243035D4C76}
	EndGlobalSection
	GlobalSection(ExtensibilityGlobals) = postSolution
		SolutionGuid = {352D8B78-9DE3-4E58-985F-FADD22594DB4}
	EndGlobalSection
EndGlobal
